// !$*UTF8*$!
{
	archiveVersion = 1;
	classes = {
	};
	objectVersion = 55;
	objects = {

/* Begin PBXBuildFile section */
		434CFB87275B3E4C0001EFFE /* Day2.swift in Sources */ = {isa = PBXBuildFile; fileRef = 434CFB86275B3E4C0001EFFE /* Day2.swift */; };
		434CFB89275B3E510001EFFE /* Day2Data.swift in Sources */ = {isa = PBXBuildFile; fileRef = 434CFB88275B3E510001EFFE /* Day2Data.swift */; };
		434CFB8B275B43C90001EFFE /* Day4.swift in Sources */ = {isa = PBXBuildFile; fileRef = 434CFB8A275B43C90001EFFE /* Day4.swift */; };
		434CFB8D275B43CE0001EFFE /* Day4Data.swift in Sources */ = {isa = PBXBuildFile; fileRef = 434CFB8C275B43CE0001EFFE /* Day4Data.swift */; };
		434CFB8F275C8E470001EFFE /* Day5.swift in Sources */ = {isa = PBXBuildFile; fileRef = 434CFB8E275C8E470001EFFE /* Day5.swift */; };
		434CFB91275C90F10001EFFE /* Day5Data.swift in Sources */ = {isa = PBXBuildFile; fileRef = 434CFB90275C90F10001EFFE /* Day5Data.swift */; };
		434D72C1275B2BC200441E09 /* main.swift in Sources */ = {isa = PBXBuildFile; fileRef = 434D72C0275B2BC200441E09 /* main.swift */; };
		434D72C9275B2C4E00441E09 /* Day3.swift in Sources */ = {isa = PBXBuildFile; fileRef = 434D72C8275B2C4E00441E09 /* Day3.swift */; };
		434D72CA275B356100441E09 /* Day3Data.swift in Sources */ = {isa = PBXBuildFile; fileRef = 434D72C7275B2BE800441E09 /* Day3Data.swift */; };
		434D72CC275B35DD00441E09 /* Day1.swift in Sources */ = {isa = PBXBuildFile; fileRef = 434D72CB275B35DD00441E09 /* Day1.swift */; };
		434D72CE275B377A00441E09 /* Day1Data.swift in Sources */ = {isa = PBXBuildFile; fileRef = 434D72CD275B377A00441E09 /* Day1Data.swift */; };
		437896AD275DE473009CEBB0 /* Day6.swift in Sources */ = {isa = PBXBuildFile; fileRef = 437896AC275DE473009CEBB0 /* Day6.swift */; };
		437896AF275DE47A009CEBB0 /* Day6Data.swift in Sources */ = {isa = PBXBuildFile; fileRef = 437896AE275DE47A009CEBB0 /* Day6Data.swift */; };
		437896B1275F3304009CEBB0 /* Day7.swift in Sources */ = {isa = PBXBuildFile; fileRef = 437896B0275F3304009CEBB0 /* Day7.swift */; };
		437896B3275F3312009CEBB0 /* Day7Data.swift in Sources */ = {isa = PBXBuildFile; fileRef = 437896B2275F3312009CEBB0 /* Day7Data.swift */; };
/* End PBXBuildFile section */

/* Begin PBXCopyFilesBuildPhase section */
		434D72BB275B2BC200441E09 /* CopyFiles */ = {
			isa = PBXCopyFilesBuildPhase;
			buildActionMask = 2147483647;
			dstPath = /usr/share/man/man1/;
			dstSubfolderSpec = 0;
			files = (
			);
			runOnlyForDeploymentPostprocessing = 1;
		};
/* End PBXCopyFilesBuildPhase section */

/* Begin PBXFileReference section */
		434CFB86275B3E4C0001EFFE /* Day2.swift */ = {isa = PBXFileReference; lastKnownFileType = sourcecode.swift; path = Day2.swift; sourceTree = "<group>"; };
		434CFB88275B3E510001EFFE /* Day2Data.swift */ = {isa = PBXFileReference; lastKnownFileType = sourcecode.swift; path = Day2Data.swift; sourceTree = "<group>"; };
		434CFB8A275B43C90001EFFE /* Day4.swift */ = {isa = PBXFileReference; lastKnownFileType = sourcecode.swift; path = Day4.swift; sourceTree = "<group>"; };
		434CFB8C275B43CE0001EFFE /* Day4Data.swift */ = {isa = PBXFileReference; lastKnownFileType = sourcecode.swift; path = Day4Data.swift; sourceTree = "<group>"; };
		434CFB8E275C8E470001EFFE /* Day5.swift */ = {isa = PBXFileReference; lastKnownFileType = sourcecode.swift; path = Day5.swift; sourceTree = "<group>"; };
		434CFB90275C90F10001EFFE /* Day5Data.swift */ = {isa = PBXFileReference; lastKnownFileType = sourcecode.swift; path = Day5Data.swift; sourceTree = "<group>"; };
		434D72BD275B2BC200441E09 /* AoC2021 */ = {isa = PBXFileReference; explicitFileType = "compiled.mach-o.executable"; includeInIndex = 0; path = AoC2021; sourceTree = BUILT_PRODUCTS_DIR; };
		434D72C0275B2BC200441E09 /* main.swift */ = {isa = PBXFileReference; lastKnownFileType = sourcecode.swift; path = main.swift; sourceTree = "<group>"; };
		434D72C7275B2BE800441E09 /* Day3Data.swift */ = {isa = PBXFileReference; lastKnownFileType = sourcecode.swift; path = Day3Data.swift; sourceTree = "<group>"; };
		434D72C8275B2C4E00441E09 /* Day3.swift */ = {isa = PBXFileReference; lastKnownFileType = sourcecode.swift; path = Day3.swift; sourceTree = "<group>"; };
		434D72CB275B35DD00441E09 /* Day1.swift */ = {isa = PBXFileReference; lastKnownFileType = sourcecode.swift; path = Day1.swift; sourceTree = "<group>"; };
		434D72CD275B377A00441E09 /* Day1Data.swift */ = {isa = PBXFileReference; lastKnownFileType = sourcecode.swift; path = Day1Data.swift; sourceTree = "<group>"; };
		437896AC275DE473009CEBB0 /* Day6.swift */ = {isa = PBXFileReference; lastKnownFileType = sourcecode.swift; path = Day6.swift; sourceTree = "<group>"; };
		437896AE275DE47A009CEBB0 /* Day6Data.swift */ = {isa = PBXFileReference; lastKnownFileType = sourcecode.swift; path = Day6Data.swift; sourceTree = "<group>"; };
		437896B0275F3304009CEBB0 /* Day7.swift */ = {isa = PBXFileReference; lastKnownFileType = sourcecode.swift; path = Day7.swift; sourceTree = "<group>"; };
		437896B2275F3312009CEBB0 /* Day7Data.swift */ = {isa = PBXFileReference; lastKnownFileType = sourcecode.swift; path = Day7Data.swift; sourceTree = "<group>"; };
/* End PBXFileReference section */

/* Begin PBXFrameworksBuildPhase section */
		434D72BA275B2BC200441E09 /* Frameworks */ = {
			isa = PBXFrameworksBuildPhase;
			buildActionMask = 2147483647;
			files = (
			);
			runOnlyForDeploymentPostprocessing = 0;
		};
/* End PBXFrameworksBuildPhase section */

/* Begin PBXGroup section */
		434D72B4275B2BC200441E09 = {
			isa = PBXGroup;
			children = (
				434D72BF275B2BC200441E09 /* AoC2021 */,
				434D72BE275B2BC200441E09 /* Products */,
			);
			sourceTree = "<group>";
		};
		434D72BE275B2BC200441E09 /* Products */ = {
			isa = PBXGroup;
			children = (
				434D72BD275B2BC200441E09 /* AoC2021 */,
			);
			name = Products;
			sourceTree = "<group>";
		};
		434D72BF275B2BC200441E09 /* AoC2021 */ = {
			isa = PBXGroup;
			children = (
				434D72C0275B2BC200441E09 /* main.swift */,
				434D72CB275B35DD00441E09 /* Day1.swift */,
				434D72CD275B377A00441E09 /* Day1Data.swift */,
				434CFB86275B3E4C0001EFFE /* Day2.swift */,
				434CFB88275B3E510001EFFE /* Day2Data.swift */,
				434D72C8275B2C4E00441E09 /* Day3.swift */,
				434D72C7275B2BE800441E09 /* Day3Data.swift */,
				434CFB8A275B43C90001EFFE /* Day4.swift */,
				434CFB8C275B43CE0001EFFE /* Day4Data.swift */,
				434CFB8E275C8E470001EFFE /* Day5.swift */,
				434CFB90275C90F10001EFFE /* Day5Data.swift */,
				437896AC275DE473009CEBB0 /* Day6.swift */,
				437896AE275DE47A009CEBB0 /* Day6Data.swift */,
				437896B0275F3304009CEBB0 /* Day7.swift */,
				437896B2275F3312009CEBB0 /* Day7Data.swift */,
			);
			path = AoC2021;
			sourceTree = "<group>";
		};
/* End PBXGroup section */

/* Begin PBXNativeTarget section */
		434D72BC275B2BC200441E09 /* AoC2021 */ = {
			isa = PBXNativeTarget;
			buildConfigurationList = 434D72C4275B2BC200441E09 /* Build configuration list for PBXNativeTarget "AoC2021" */;
			buildPhases = (
				434D72B9275B2BC200441E09 /* Sources */,
				434D72BA275B2BC200441E09 /* Frameworks */,
				434D72BB275B2BC200441E09 /* CopyFiles */,
			);
			buildRules = (
			);
			dependencies = (
			);
			name = AoC2021;
			productName = AoC2021;
			productReference = 434D72BD275B2BC200441E09 /* AoC2021 */;
			productType = "com.apple.product-type.tool";
		};
/* End PBXNativeTarget section */

/* Begin PBXProject section */
		434D72B5275B2BC200441E09 /* Project object */ = {
			isa = PBXProject;
			attributes = {
				BuildIndependentTargetsInParallel = 1;
				LastSwiftUpdateCheck = 1310;
				LastUpgradeCheck = 1310;
				TargetAttributes = {
					434D72BC275B2BC200441E09 = {
						CreatedOnToolsVersion = 13.1;
					};
				};
			};
			buildConfigurationList = 434D72B8275B2BC200441E09 /* Build configuration list for PBXProject "AoC2021" */;
			compatibilityVersion = "Xcode 13.0";
			developmentRegion = en;
			hasScannedForEncodings = 0;
			knownRegions = (
				en,
				Base,
			);
			mainGroup = 434D72B4275B2BC200441E09;
			productRefGroup = 434D72BE275B2BC200441E09 /* Products */;
			projectDirPath = "";
			projectRoot = "";
			targets = (
				434D72BC275B2BC200441E09 /* AoC2021 */,
			);
		};
/* End PBXProject section */

/* Begin PBXSourcesBuildPhase section */
		434D72B9275B2BC200441E09 /* Sources */ = {
			isa = PBXSourcesBuildPhase;
			buildActionMask = 2147483647;
			files = (
				434CFB91275C90F10001EFFE /* Day5Data.swift in Sources */,
				437896AD275DE473009CEBB0 /* Day6.swift in Sources */,
				437896B1275F3304009CEBB0 /* Day7.swift in Sources */,
				434CFB8D275B43CE0001EFFE /* Day4Data.swift in Sources */,
				437896B3275F3312009CEBB0 /* Day7Data.swift in Sources */,
				434D72CC275B35DD00441E09 /* Day1.swift in Sources */,
				434CFB87275B3E4C0001EFFE /* Day2.swift in Sources */,
				434D72C9275B2C4E00441E09 /* Day3.swift in Sources */,
				434CFB89275B3E510001EFFE /* Day2Data.swift in Sources */,
				434D72CA275B356100441E09 /* Day3Data.swift in Sources */,
				434CFB8F275C8E470001EFFE /* Day5.swift in Sources */,
				434D72CE275B377A00441E09 /* Day1Data.swift in Sources */,
				434D72C1275B2BC200441E09 /* main.swift in Sources */,
				437896AF275DE47A009CEBB0 /* Day6Data.swift in Sources */,
				434CFB8B275B43C90001EFFE /* Day4.swift in Sources */,
			);
			runOnlyForDeploymentPostprocessing = 0;
		};
/* End PBXSourcesBuildPhase section */

/* Begin XCBuildConfiguration section */
		434D72C2275B2BC200441E09 /* Debug */ = {
			isa = XCBuildConfiguration;
			buildSettings = {
				ALWAYS_SEARCH_USER_PATHS = NO;
				CLANG_ANALYZER_NONNULL = YES;
				CLANG_ANALYZER_NUMBER_OBJECT_CONVERSION = YES_AGGRESSIVE;
				CLANG_CXX_LANGUAGE_STANDARD = "gnu++17";
				CLANG_CXX_LIBRARY = "libc++";
				CLANG_ENABLE_MODULES = YES;
				CLANG_ENABLE_OBJC_ARC = YES;
				CLANG_ENABLE_OBJC_WEAK = YES;
				CLANG_WARN_BLOCK_CAPTURE_AUTORELEASING = YES;
				CLANG_WARN_BOOL_CONVERSION = YES;
				CLANG_WARN_COMMA = YES;
				CLANG_WARN_CONSTANT_CONVERSION = YES;
				CLANG_WARN_DEPRECATED_OBJC_IMPLEMENTATIONS = YES;
				CLANG_WARN_DIRECT_OBJC_ISA_USAGE = YES_ERROR;
				CLANG_WARN_DOCUMENTATION_COMMENTS = YES;
				CLANG_WARN_EMPTY_BODY = YES;
				CLANG_WARN_ENUM_CONVERSION = YES;
				CLANG_WARN_INFINITE_RECURSION = YES;
				CLANG_WARN_INT_CONVERSION = YES;
				CLANG_WARN_NON_LITERAL_NULL_CONVERSION = YES;
				CLANG_WARN_OBJC_IMPLICIT_RETAIN_SELF = YES;
				CLANG_WARN_OBJC_LITERAL_CONVERSION = YES;
				CLANG_WARN_OBJC_ROOT_CLASS = YES_ERROR;
				CLANG_WARN_QUOTED_INCLUDE_IN_FRAMEWORK_HEADER = YES;
				CLANG_WARN_RANGE_LOOP_ANALYSIS = YES;
				CLANG_WARN_STRICT_PROTOTYPES = YES;
				CLANG_WARN_SUSPICIOUS_MOVE = YES;
				CLANG_WARN_UNGUARDED_AVAILABILITY = YES_AGGRESSIVE;
				CLANG_WARN_UNREACHABLE_CODE = YES;
				CLANG_WARN__DUPLICATE_METHOD_MATCH = YES;
				COPY_PHASE_STRIP = NO;
				DEBUG_INFORMATION_FORMAT = dwarf;
				ENABLE_STRICT_OBJC_MSGSEND = YES;
				ENABLE_TESTABILITY = YES;
				GCC_C_LANGUAGE_STANDARD = gnu11;
				GCC_DYNAMIC_NO_PIC = NO;
				GCC_NO_COMMON_BLOCKS = YES;
				GCC_OPTIMIZATION_LEVEL = 0;
				GCC_PREPROCESSOR_DEFINITIONS = (
					"DEBUG=1",
					"$(inherited)",
				);
				GCC_WARN_64_TO_32_BIT_CONVERSION = YES;
				GCC_WARN_ABOUT_RETURN_TYPE = YES_ERROR;
				GCC_WARN_UNDECLARED_SELECTOR = YES;
				GCC_WARN_UNINITIALIZED_AUTOS = YES_AGGRESSIVE;
				GCC_WARN_UNUSED_FUNCTION = YES;
				GCC_WARN_UNUSED_VARIABLE = YES;
				MACOSX_DEPLOYMENT_TARGET = 12.0;
				MTL_ENABLE_DEBUG_INFO = INCLUDE_SOURCE;
				MTL_FAST_MATH = YES;
				ONLY_ACTIVE_ARCH = YES;
				SDKROOT = macosx;
				SWIFT_ACTIVE_COMPILATION_CONDITIONS = DEBUG;
				SWIFT_OPTIMIZATION_LEVEL = "-Onone";
			};
			name = Debug;
		};
		434D72C3275B2BC200441E09 /* Release */ = {
			isa = XCBuildConfiguration;
			buildSettings = {
				ALWAYS_SEARCH_USER_PATHS = NO;
				CLANG_ANALYZER_NONNULL = YES;
				CLANG_ANALYZER_NUMBER_OBJECT_CONVERSION = YES_AGGRESSIVE;
				CLANG_CXX_LANGUAGE_STANDARD = "gnu++17";
				CLANG_CXX_LIBRARY = "libc++";
				CLANG_ENABLE_MODULES = YES;
				CLANG_ENABLE_OBJC_ARC = YES;
				CLANG_ENABLE_OBJC_WEAK = YES;
				CLANG_WARN_BLOCK_CAPTURE_AUTORELEASING = YES;
				CLANG_WARN_BOOL_CONVERSION = YES;
				CLANG_WARN_COMMA = YES;
				CLANG_WARN_CONSTANT_CONVERSION = YES;
				CLANG_WARN_DEPRECATED_OBJC_IMPLEMENTATIONS = YES;
				CLANG_WARN_DIRECT_OBJC_ISA_USAGE = YES_ERROR;
				CLANG_WARN_DOCUMENTATION_COMMENTS = YES;
				CLANG_WARN_EMPTY_BODY = YES;
				CLANG_WARN_ENUM_CONVERSION = YES;
				CLANG_WARN_INFINITE_RECURSION = YES;
				CLANG_WARN_INT_CONVERSION = YES;
				CLANG_WARN_NON_LITERAL_NULL_CONVERSION = YES;
				CLANG_WARN_OBJC_IMPLICIT_RETAIN_SELF = YES;
				CLANG_WARN_OBJC_LITERAL_CONVERSION = YES;
				CLANG_WARN_OBJC_ROOT_CLASS = YES_ERROR;
				CLANG_WARN_QUOTED_INCLUDE_IN_FRAMEWORK_HEADER = YES;
				CLANG_WARN_RANGE_LOOP_ANALYSIS = YES;
				CLANG_WARN_STRICT_PROTOTYPES = YES;
				CLANG_WARN_SUSPICIOUS_MOVE = YES;
				CLANG_WARN_UNGUARDED_AVAILABILITY = YES_AGGRESSIVE;
				CLANG_WARN_UNREACHABLE_CODE = YES;
				CLANG_WARN__DUPLICATE_METHOD_MATCH = YES;
				COPY_PHASE_STRIP = NO;
				DEBUG_INFORMATION_FORMAT = "dwarf-with-dsym";
				ENABLE_NS_ASSERTIONS = NO;
				ENABLE_STRICT_OBJC_MSGSEND = YES;
				GCC_C_LANGUAGE_STANDARD = gnu11;
				GCC_NO_COMMON_BLOCKS = YES;
				GCC_WARN_64_TO_32_BIT_CONVERSION = YES;
				GCC_WARN_ABOUT_RETURN_TYPE = YES_ERROR;
				GCC_WARN_UNDECLARED_SELECTOR = YES;
				GCC_WARN_UNINITIALIZED_AUTOS = YES_AGGRESSIVE;
				GCC_WARN_UNUSED_FUNCTION = YES;
				GCC_WARN_UNUSED_VARIABLE = YES;
				MACOSX_DEPLOYMENT_TARGET = 12.0;
				MTL_ENABLE_DEBUG_INFO = NO;
				MTL_FAST_MATH = YES;
				SDKROOT = macosx;
				SWIFT_COMPILATION_MODE = wholemodule;
				SWIFT_OPTIMIZATION_LEVEL = "-O";
			};
			name = Release;
		};
		434D72C5275B2BC200441E09 /* Debug */ = {
			isa = XCBuildConfiguration;
			buildSettings = {
				CODE_SIGN_STYLE = Automatic;
				PRODUCT_NAME = "$(TARGET_NAME)";
				SWIFT_VERSION = 5.0;
			};
			name = Debug;
		};
		434D72C6275B2BC200441E09 /* Release */ = {
			isa = XCBuildConfiguration;
			buildSettings = {
				CODE_SIGN_STYLE = Automatic;
				PRODUCT_NAME = "$(TARGET_NAME)";
				SWIFT_VERSION = 5.0;
			};
			name = Release;
		};
/* End XCBuildConfiguration section */

/* Begin XCConfigurationList section */
		434D72B8275B2BC200441E09 /* Build configuration list for PBXProject "AoC2021" */ = {
			isa = XCConfigurationList;
			buildConfigurations = (
				434D72C2275B2BC200441E09 /* Debug */,
				434D72C3275B2BC200441E09 /* Release */,
			);
			defaultConfigurationIsVisible = 0;
			defaultConfigurationName = Release;
		};
		434D72C4275B2BC200441E09 /* Build configuration list for PBXNativeTarget "AoC2021" */ = {
			isa = XCConfigurationList;
			buildConfigurations = (
				434D72C5275B2BC200441E09 /* Debug */,
				434D72C6275B2BC200441E09 /* Release */,
			);
			defaultConfigurationIsVisible = 0;
			defaultConfigurationName = Release;
		};
/* End XCConfigurationList section */
	};
	rootObject = 434D72B5275B2BC200441E09 /* Project object */;
}
